
Microsoft Visual Studio Solution File, Format Version 12.00
# Visual Studio Version 17
VisualStudioVersion = 17.4.33213.308
MinimumVisualStudioVersion = 10.0.40219.1
Project("{FAE04EC0-301F-11D3-BF4B-00C04F79EFBC}") = "Test", "Test.csproj", "{67C0CD52-5ECE-4628-9503-414D87F9B1B5}"
EndProject
Global
	GlobalSection(SolutionConfigurationPlatforms) = preSolution
		Debug|Any CPU = Debug|Any CPU
		Release|Any CPU = Release|Any CPU
	EndGlobalSection
	GlobalSection(ProjectConfigurationPlatforms) = postSolution
		{67C0CD52-5ECE-4628-9503-414D87F9B1B5}.Debug|Any CPU.ActiveCfg = Debug|Any CPU
		{67C0CD52-5ECE-4628-9503-414D87F9B1B5}.Debug|Any CPU.Build.0 = Debug|Any CPU
		{67C0CD52-5ECE-4628-9503-414D87F9B1B5}.Release|Any CPU.ActiveCfg = Release|Any CPU
		{67C0CD52-5ECE-4628-9503-414D87F9B1B5}.Release|Any CPU.Build.0 = Release|Any CPU
	EndGlobalSection
	GlobalSection(SolutionProperties) = preSolution
		HideSolutionNode = FALSE
	EndGlobalSection
	GlobalSection(ExtensibilityGlobals) = postSolution
		SolutionGuid = {22687186-231F-4136-863F-F438EF530A79}
	EndGlobalSection
EndGlobal
